
Microsoft Visual Studio Solution File, Format Version 12.00
# Visual Studio 14
VisualStudioVersion = 14.0.23107.0
MinimumVisualStudioVersion = 10.0.40219.1
Project("{FAE04EC0-301F-11D3-BF4B-00C04F79EFBC}") = "XamAudioMass.Droid", "XamAudioMass\XamAudioMass.Droid\XamAudioMass.Droid.csproj", "{B31C33E7-7283-4ADA-BD1F-A9A0C2FADAB9}"
EndProject
Project("{FAE04EC0-301F-11D3-BF4B-00C04F79EFBC}") = "XamAudioMass.iOS", "XamAudioMass\XamAudioMass.iOS\XamAudioMass.iOS.csproj", "{3A2471BF-6425-41C1-8A56-95AA7C828B33}"
EndProject
Project("{FAE04EC0-301F-11D3-BF4B-00C04F79EFBC}") = "XamAudioMass.WinPhone", "XamAudioMass\XamAudioMass.WinPhone\XamAudioMass.WinPhone.csproj", "{5B426050-850B-4CFC-ADC6-63F4D212A358}"
EndProject
Project("{D954291E-2A0B-460D-934E-DC6B0785DB48}") = "XamAudioMass", "XamAudioMass\XamAudioMass\XamAudioMass.shproj", "{4C94D10E-82BD-478B-AC67-9A0544FDA8C4}"
EndProject
Global
	GlobalSection(SharedMSBuildProjectFiles) = preSolution
		XamAudioMass\XamAudioMass\XamAudioMass.projitems*{5b426050-850b-4cfc-adc6-63f4d212a358}*SharedItemsImports = 4
		XamAudioMass\XamAudioMass\XamAudioMass.projitems*{3a2471bf-6425-41c1-8a56-95aa7c828b33}*SharedItemsImports = 4
		XamAudioMass\XamAudioMass\XamAudioMass.projitems*{4c94d10e-82bd-478b-ac67-9a0544fda8c4}*SharedItemsImports = 13
		XamAudioMass\XamAudioMass\XamAudioMass.projitems*{b31c33e7-7283-4ada-bd1f-a9a0c2fadab9}*SharedItemsImports = 4
	EndGlobalSection
	GlobalSection(SolutionConfigurationPlatforms) = preSolution
		Debug|Any CPU = Debug|Any CPU
		Debug|ARM = Debug|ARM
		Debug|iPhone = Debug|iPhone
		Debug|iPhoneSimulator = Debug|iPhoneSimulator
		Debug|x86 = Debug|x86
		Release|Any CPU = Release|Any CPU
		Release|ARM = Release|ARM
		Release|iPhone = Release|iPhone
		Release|iPhoneSimulator = Release|iPhoneSimulator
		Release|x86 = Release|x86
	EndGlobalSection
	GlobalSection(ProjectConfigurationPlatforms) = postSolution
		{B31C33E7-7283-4ADA-BD1F-A9A0C2FADAB9}.Debug|Any CPU.ActiveCfg = Debug|Any CPU
		{B31C33E7-7283-4ADA-BD1F-A9A0C2FADAB9}.Debug|Any CPU.Build.0 = Debug|Any CPU
		{B31C33E7-7283-4ADA-BD1F-A9A0C2FADAB9}.Debug|Any CPU.Deploy.0 = Debug|Any CPU
		{B31C33E7-7283-4ADA-BD1F-A9A0C2FADAB9}.Debug|ARM.ActiveCfg = Debug|Any CPU
		{B31C33E7-7283-4ADA-BD1F-A9A0C2FADAB9}.Debug|ARM.Build.0 = Debug|Any CPU
		{B31C33E7-7283-4ADA-BD1F-A9A0C2FADAB9}.Debug|ARM.Deploy.0 = Debug|Any CPU
		{B31C33E7-7283-4ADA-BD1F-A9A0C2FADAB9}.Debug|iPhone.ActiveCfg = Debug|Any CPU
		{B31C33E7-7283-4ADA-BD1F-A9A0C2FADAB9}.Debug|iPhone.Build.0 = Debug|Any CPU
		{B31C33E7-7283-4ADA-BD1F-A9A0C2FADAB9}.Debug|iPhone.Deploy.0 = Debug|Any CPU
		{B31C33E7-7283-4ADA-BD1F-A9A0C2FADAB9}.Debug|iPhoneSimulator.ActiveCfg = Debug|Any CPU
		{B31C33E7-7283-4ADA-BD1F-A9A0C2FADAB9}.Debug|iPhoneSimulator.Build.0 = Debug|Any CPU
		{B31C33E7-7283-4ADA-BD1F-A9A0C2FADAB9}.Debug|iPhoneSimulator.Deploy.0 = Debug|Any CPU
		{B31C33E7-7283-4ADA-BD1F-A9A0C2FADAB9}.Debug|x86.ActiveCfg = Debug|Any CPU
		{B31C33E7-7283-4ADA-BD1F-A9A0C2FADAB9}.Debug|x86.Build.0 = Debug|Any CPU
		{B31C33E7-7283-4ADA-BD1F-A9A0C2FADAB9}.Debug|x86.Deploy.0 = Debug|Any CPU
		{B31C33E7-7283-4ADA-BD1F-A9A0C2FADAB9}.Release|Any CPU.ActiveCfg = Release|Any CPU
		{B31C33E7-7283-4ADA-BD1F-A9A0C2FADAB9}.Release|Any CPU.Build.0 = Release|Any CPU
		{B31C33E7-7283-4ADA-BD1F-A9A0C2FADAB9}.Release|Any CPU.Deploy.0 = Release|Any CPU
		{B31C33E7-7283-4ADA-BD1F-A9A0C2FADAB9}.Release|ARM.ActiveCfg = Release|Any CPU
		{B31C33E7-7283-4ADA-BD1F-A9A0C2FADAB9}.Release|ARM.Build.0 = Release|Any CPU
		{B31C33E7-7283-4ADA-BD1F-A9A0C2FADAB9}.Release|ARM.Deploy.0 = Release|Any CPU
		{B31C33E7-7283-4ADA-BD1F-A9A0C2FADAB9}.Release|iPhone.ActiveCfg = Release|Any CPU
		{B31C33E7-7283-4ADA-BD1F-A9A0C2FADAB9}.Release|iPhone.Build.0 = Release|Any CPU
		{B31C33E7-7283-4ADA-BD1F-A9A0C2FADAB9}.Release|iPhone.Deploy.0 = Release|Any CPU
		{B31C33E7-7283-4ADA-BD1F-A9A0C2FADAB9}.Release|iPhoneSimulator.ActiveCfg = Release|Any CPU
		{B31C33E7-7283-4ADA-BD1F-A9A0C2FADAB9}.Release|iPhoneSimulator.Build.0 = Release|Any CPU
		{B31C33E7-7283-4ADA-BD1F-A9A0C2FADAB9}.Release|iPhoneSimulator.Deploy.0 = Release|Any CPU
		{B31C33E7-7283-4ADA-BD1F-A9A0C2FADAB9}.Release|x86.ActiveCfg = Release|Any CPU
		{B31C33E7-7283-4ADA-BD1F-A9A0C2FADAB9}.Release|x86.Build.0 = Release|Any CPU
		{B31C33E7-7283-4ADA-BD1F-A9A0C2FADAB9}.Release|x86.Deploy.0 = Release|Any CPU
		{3A2471BF-6425-41C1-8A56-95AA7C828B33}.Debug|Any CPU.ActiveCfg = Debug|iPhone
		{3A2471BF-6425-41C1-8A56-95AA7C828B33}.Debug|ARM.ActiveCfg = Debug|iPhone
		{3A2471BF-6425-41C1-8A56-95AA7C828B33}.Debug|iPhone.ActiveCfg = Debug|iPhone
		{3A2471BF-6425-41C1-8A56-95AA7C828B33}.Debug|iPhone.Build.0 = Debug|iPhone
		{3A2471BF-6425-41C1-8A56-95AA7C828B33}.Debug|iPhoneSimulator.ActiveCfg = Debug|iPhoneSimulator
		{3A2471BF-6425-41C1-8A56-95AA7C828B33}.Debug|iPhoneSimulator.Build.0 = Debug|iPhoneSimulator
		{3A2471BF-6425-41C1-8A56-95AA7C828B33}.Debug|x86.ActiveCfg = Debug|iPhone
		{3A2471BF-6425-41C1-8A56-95AA7C828B33}.Release|Any CPU.ActiveCfg = Release|iPhone
		{3A2471BF-6425-41C1-8A56-95AA7C828B33}.Release|ARM.ActiveCfg = Release|iPhone
		{3A2471BF-6425-41C1-8A56-95AA7C828B33}.Release|iPhone.ActiveCfg = Release|iPhone
		{3A2471BF-6425-41C1-8A56-95AA7C828B33}.Release|iPhone.Build.0 = Release|iPhone
		{3A2471BF-6425-41C1-8A56-95AA7C828B33}.Release|iPhoneSimulator.ActiveCfg = Release|iPhoneSimulator
		{3A2471BF-6425-41C1-8A56-95AA7C828B33}.Release|iPhoneSimulator.Build.0 = Release|iPhoneSimulator
		{3A2471BF-6425-41C1-8A56-95AA7C828B33}.Release|x86.ActiveCfg = Release|iPhone
		{5B426050-850B-4CFC-ADC6-63F4D212A358}.Debug|Any CPU.ActiveCfg = Debug|Any CPU
		{5B426050-850B-4CFC-ADC6-63F4D212A358}.Debug|ARM.ActiveCfg = Debug|ARM
		{5B426050-850B-4CFC-ADC6-63F4D212A358}.Debug|ARM.Build.0 = Debug|ARM
		{5B426050-850B-4CFC-ADC6-63F4D212A358}.Debug|ARM.Deploy.0 = Debug|ARM
		{5B426050-850B-4CFC-ADC6-63F4D212A358}.Debug|iPhone.ActiveCfg = Debug|Any CPU
		{5B426050-850B-4CFC-ADC6-63F4D212A358}.Debug|iPhone.Build.0 = Debug|Any CPU
		{5B426050-850B-4CFC-ADC6-63F4D212A358}.Debug|iPhone.Deploy.0 = Debug|Any CPU
		{5B426050-850B-4CFC-ADC6-63F4D212A358}.Debug|iPhoneSimulator.ActiveCfg = Debug|Any CPU
		{5B426050-850B-4CFC-ADC6-63F4D212A358}.Debug|iPhoneSimulator.Build.0 = Debug|Any CPU
		{5B426050-850B-4CFC-ADC6-63F4D212A358}.Debug|iPhoneSimulator.Deploy.0 = Debug|Any CPU
		{5B426050-850B-4CFC-ADC6-63F4D212A358}.Debug|x86.ActiveCfg = Debug|x86
		{5B426050-850B-4CFC-ADC6-63F4D212A358}.Debug|x86.Build.0 = Debug|x86
		{5B426050-850B-4CFC-ADC6-63F4D212A358}.Debug|x86.Deploy.0 = Debug|x86
		{5B426050-850B-4CFC-ADC6-63F4D212A358}.Release|Any CPU.ActiveCfg = Release|Any CPU
		{5B426050-850B-4CFC-ADC6-63F4D212A358}.Release|Any CPU.Build.0 = Release|Any CPU
		{5B426050-850B-4CFC-ADC6-63F4D212A358}.Release|Any CPU.Deploy.0 = Release|Any CPU
		{5B426050-850B-4CFC-ADC6-63F4D212A358}.Release|ARM.ActiveCfg = Release|ARM
		{5B426050-850B-4CFC-ADC6-63F4D212A358}.Release|ARM.Build.0 = Release|ARM
		{5B426050-850B-4CFC-ADC6-63F4D212A358}.Release|ARM.Deploy.0 = Release|ARM
		{5B426050-850B-4CFC-ADC6-63F4D212A358}.Release|iPhone.ActiveCfg = Release|Any CPU
		{5B426050-850B-4CFC-ADC6-63F4D212A358}.Release|iPhone.Build.0 = Release|Any CPU
		{5B426050-850B-4CFC-ADC6-63F4D212A358}.Release|iPhone.Deploy.0 = Release|Any CPU
		{5B426050-850B-4CFC-ADC6-63F4D212A358}.Release|iPhoneSimulator.ActiveCfg = Release|Any CPU
		{5B426050-850B-4CFC-ADC6-63F4D212A358}.Release|iPhoneSimulator.Build.0 = Release|Any CPU
		{5B426050-850B-4CFC-ADC6-63F4D212A358}.Release|iPhoneSimulator.Deploy.0 = Release|Any CPU
		{5B426050-850B-4CFC-ADC6-63F4D212A358}.Release|x86.ActiveCfg = Release|x86
		{5B426050-850B-4CFC-ADC6-63F4D212A358}.Release|x86.Build.0 = Release|x86
		{5B426050-850B-4CFC-ADC6-63F4D212A358}.Release|x86.Deploy.0 = Release|x86
	EndGlobalSection
	GlobalSection(SolutionProperties) = preSolution
		HideSolutionNode = FALSE
	EndGlobalSection
EndGlobal
